PODS:
  - About (2022.10.19):
    - Converter
    - MPAK
  - Alert (2022.09.21)
  - Const (2022.09.12)
  - Converter (2022.09.07):
    - Alert
    - ConverterUI
    - MPAK
    - SUI
  - ConverterUI (2022.09.09):
    - Const
  - MPAK (2022.06.29)
  - SUI (2022.09.08)

DEPENDENCIES:
  - About (from `../mod/About`)
  - Alert (from `../mod/Alert`)
  - Const (from `../mod/Const`)
  - Converter (from `../mod/Converter`)
  - ConverterUI (from `../mod/ConverterUI`)
  - MPAK (from `../mod/MPAK`)
  - SUI (from `../mod/SUI`)

EXTERNAL SOURCES:
  About:
    :path: "../mod/About"
  Alert:
    :path: "../mod/Alert"
  Const:
    :path: "../mod/Const"
  Converter:
    :path: "../mod/Converter"
  ConverterUI:
    :path: "../mod/ConverterUI"
  MPAK:
    :path: "../mod/MPAK"
  SUI:
    :path: "../mod/SUI"

SPEC CHECKSUMS:
  About: 23146a2f5ce120e747e6df70e2058fc9d8771df9
  Alert: 903059e6559866c60bd588dfdba23b83594cb42d
  Const: f2aceeaf7dca12b882eeb1afa6b2b0aadaf7afc9
  Converter: 4f808228b8fb5e6773bc53cd6fd6eb846cb519e2
  ConverterUI: df5385671e945005e8a046449c5675b9a09fdab0
  MPAK: 5d6c33580def151a582d58e7b851f70dcb20b5ce
  SUI: 54f52eb52034844063257869bf6e44e520522951

PODFILE CHECKSUM: cdcbfedae0b6fb1b17cec85247e608dd3c2a9de1

COCOAPODS: 1.9.1
